Microsoft Visual Studio Solution File, Format Version 11.00
# Visual Studio 2008

Project("{90EB5E30-9C3C-C8ED-D68E-EBEEE65A3D81}") = "Code Lab 1", "Assembly-CSharp-firstpass.csproj", "{00E6252B-1817-6C4B-96E7-CED3C3310EF6}"
EndProject
Project("{90EB5E30-9C3C-C8ED-D68E-EBEEE65A3D81}") = "Code Lab 1", "Assembly-CSharp.csproj", "{09667024-F974-D13D-DD8C-65164D8984C4}"
EndProject
Project("{90EB5E30-9C3C-C8ED-D68E-EBEEE65A3D81}") = "Code Lab 1", "Assembly-CSharp-Editor.csproj", "{9E8D265A-54CD-DE73-437B-77D46410B488}"
EndProject
Global
	GlobalSection(SolutionConfigurationPlatforms) = preSolution
		Debug|Any CPU = Debug|Any CPU
		Release|Any CPU = Release|Any CPU
	EndGlobalSection
	GlobalSection(ProjectConfigurationPlatforms) = postSolution
		{00E6252B-1817-6C4B-96E7-CED3C3310EF6}.Debug|Any CPU.ActiveCfg = Debug|Any CPU
		{00E6252B-1817-6C4B-96E7-CED3C3310EF6}.Debug|Any CPU.Build.0 = Debug|Any CPU
		{00E6252B-1817-6C4B-96E7-CED3C3310EF6}.Release|Any CPU.ActiveCfg = Release|Any CPU
		{00E6252B-1817-6C4B-96E7-CED3C3310EF6}.Release|Any CPU.Build.0 = Release|Any CPU
		{09667024-F974-D13D-DD8C-65164D8984C4}.Debug|Any CPU.ActiveCfg = Debug|Any CPU
		{09667024-F974-D13D-DD8C-65164D8984C4}.Debug|Any CPU.Build.0 = Debug|Any CPU
		{09667024-F974-D13D-DD8C-65164D8984C4}.Release|Any CPU.ActiveCfg = Release|Any CPU
		{09667024-F974-D13D-DD8C-65164D8984C4}.Release|Any CPU.Build.0 = Release|Any CPU
		{9E8D265A-54CD-DE73-437B-77D46410B488}.Debug|Any CPU.ActiveCfg = Debug|Any CPU
		{9E8D265A-54CD-DE73-437B-77D46410B488}.Debug|Any CPU.Build.0 = Debug|Any CPU
		{9E8D265A-54CD-DE73-437B-77D46410B488}.Release|Any CPU.ActiveCfg = Release|Any CPU
		{9E8D265A-54CD-DE73-437B-77D46410B488}.Release|Any CPU.Build.0 = Release|Any CPU
	EndGlobalSection
	GlobalSection(SolutionProperties) = preSolution
		HideSolutionNode = FALSE
	EndGlobalSection
	GlobalSection(MonoDevelopProperties) = preSolution
		StartupItem = Assembly-CSharp.csproj
	EndGlobalSection
EndGlobal
